// !$*UTF8*$!
{
	archiveVersion = 1;
	classes = {
	};
	objectVersion = 55;
	objects = {

/* Begin PBXBuildFile section */
		8D11A4AB282B92AF002B6A5F /* AddItemCell.swift in Sources */ = {isa = PBXBuildFile; fileRef = 8D11A4AA282B92AF002B6A5F /* AddItemCell.swift */; };
		8D11A4AC282B92AF002B6A5F /* AddItemCell.swift in Sources */ = {isa = PBXBuildFile; fileRef = 8D11A4AA282B92AF002B6A5F /* AddItemCell.swift */; };
		8D11A4AD282B92AF002B6A5F /* AddItemCell.swift in Sources */ = {isa = PBXBuildFile; fileRef = 8D11A4AA282B92AF002B6A5F /* AddItemCell.swift */; };
		8D11A4AF282B92BB002B6A5F /* AddItemCell.xib in Resources */ = {isa = PBXBuildFile; fileRef = 8D11A4AE282B92BB002B6A5F /* AddItemCell.xib */; };
		8D11A4B0282B92BB002B6A5F /* AddItemCell.xib in Resources */ = {isa = PBXBuildFile; fileRef = 8D11A4AE282B92BB002B6A5F /* AddItemCell.xib */; };
		8D11A4B1282B92BB002B6A5F /* AddItemCell.xib in Resources */ = {isa = PBXBuildFile; fileRef = 8D11A4AE282B92BB002B6A5F /* AddItemCell.xib */; };
		8D351485282C1155009A47EE /* HomeViewController.swift in Sources */ = {isa = PBXBuildFile; fileRef = 8D351484282C1155009A47EE /* HomeViewController.swift */; };
		8D351486282C1155009A47EE /* HomeViewController.swift in Sources */ = {isa = PBXBuildFile; fileRef = 8D351484282C1155009A47EE /* HomeViewController.swift */; };
		8D351487282C1155009A47EE /* HomeViewController.swift in Sources */ = {isa = PBXBuildFile; fileRef = 8D351484282C1155009A47EE /* HomeViewController.swift */; };
		8D351489282C1554009A47EE /* BaseFormViewController.swift in Sources */ = {isa = PBXBuildFile; fileRef = 8D351488282C1554009A47EE /* BaseFormViewController.swift */; };
		8D35148A282C1554009A47EE /* BaseFormViewController.swift in Sources */ = {isa = PBXBuildFile; fileRef = 8D351488282C1554009A47EE /* BaseFormViewController.swift */; };
		8D35148B282C1554009A47EE /* BaseFormViewController.swift in Sources */ = {isa = PBXBuildFile; fileRef = 8D351488282C1554009A47EE /* BaseFormViewController.swift */; };
		8D35148D282CA46D009A47EE /* Skill.swift in Sources */ = {isa = PBXBuildFile; fileRef = 8D35148C282CA46D009A47EE /* Skill.swift */; };
		8D35148E282CA471009A47EE /* Skill.swift in Sources */ = {isa = PBXBuildFile; fileRef = 8D35148C282CA46D009A47EE /* Skill.swift */; };
		8D351490282CA473009A47EE /* Skill.swift in Sources */ = {isa = PBXBuildFile; fileRef = 8D35148C282CA46D009A47EE /* Skill.swift */; };
		8D351492282CAA9B009A47EE /* BasicInfo.swift in Sources */ = {isa = PBXBuildFile; fileRef = 8D351491282CAA9B009A47EE /* BasicInfo.swift */; };
		8D351493282CAA9B009A47EE /* BasicInfo.swift in Sources */ = {isa = PBXBuildFile; fileRef = 8D351491282CAA9B009A47EE /* BasicInfo.swift */; };
		8D351494282CAA9B009A47EE /* BasicInfo.swift in Sources */ = {isa = PBXBuildFile; fileRef = 8D351491282CAA9B009A47EE /* BasicInfo.swift */; };
		8D58E644282BBBCE001E46EC /* ResumeTextField.swift in Sources */ = {isa = PBXBuildFile; fileRef = 8D58E643282BBBCE001E46EC /* ResumeTextField.swift */; };
		8D58E646282BBD41001E46EC /* NSObject+Extension.swift in Sources */ = {isa = PBXBuildFile; fileRef = 8D58E645282BBD41001E46EC /* NSObject+Extension.swift */; };
		8D58E647282BBD41001E46EC /* NSObject+Extension.swift in Sources */ = {isa = PBXBuildFile; fileRef = 8D58E645282BBD41001E46EC /* NSObject+Extension.swift */; };
		8D58E648282BBD41001E46EC /* NSObject+Extension.swift in Sources */ = {isa = PBXBuildFile; fileRef = 8D58E645282BBD41001E46EC /* NSObject+Extension.swift */; };
		8D58E652282BCD45001E46EC /* SkillViewController.swift in Sources */ = {isa = PBXBuildFile; fileRef = 8D58E651282BCD45001E46EC /* SkillViewController.swift */; };
		8D58E653282BCD45001E46EC /* SkillViewController.swift in Sources */ = {isa = PBXBuildFile; fileRef = 8D58E651282BCD45001E46EC /* SkillViewController.swift */; };
		8D58E654282BCD45001E46EC /* SkillViewController.swift in Sources */ = {isa = PBXBuildFile; fileRef = 8D58E651282BCD45001E46EC /* SkillViewController.swift */; };
		8D8B8EB3282A4A7000862D78 /* AppDelegate.swift in Sources */ = {isa = PBXBuildFile; fileRef = 8D8B8EB2282A4A7000862D78 /* AppDelegate.swift */; };
		8D8B8EB5282A4A7000862D78 /* SceneDelegate.swift in Sources */ = {isa = PBXBuildFile; fileRef = 8D8B8EB4282A4A7000862D78 /* SceneDelegate.swift */; };
		8D8B8EB7282A4A7000862D78 /* ResumeViewController.swift in Sources */ = {isa = PBXBuildFile; fileRef = 8D8B8EB6282A4A7000862D78 /* ResumeViewController.swift */; };
		8D8B8EBA282A4A7000862D78 /* Main.storyboard in Resources */ = {isa = PBXBuildFile; fileRef = 8D8B8EB8282A4A7000862D78 /* Main.storyboard */; };
		8D8B8EBC282A4A7200862D78 /* Assets.xcassets in Resources */ = {isa = PBXBuildFile; fileRef = 8D8B8EBB282A4A7200862D78 /* Assets.xcassets */; };
		8D8B8EBF282A4A7200862D78 /* LaunchScreen.storyboard in Resources */ = {isa = PBXBuildFile; fileRef = 8D8B8EBD282A4A7200862D78 /* LaunchScreen.storyboard */; };
		8D8B8ECA282A4A7200862D78 /* ResumeBuilderTests.swift in Sources */ = {isa = PBXBuildFile; fileRef = 8D8B8EC9282A4A7200862D78 /* ResumeBuilderTests.swift */; };
		8D8B8ED4282A4A7200862D78 /* ResumeBuilderUITests.swift in Sources */ = {isa = PBXBuildFile; fileRef = 8D8B8ED3282A4A7200862D78 /* ResumeBuilderUITests.swift */; };
		8D8B8ED6282A4A7200862D78 /* ResumeBuilderUITestsLaunchTests.swift in Sources */ = {isa = PBXBuildFile; fileRef = 8D8B8ED5282A4A7200862D78 /* ResumeBuilderUITestsLaunchTests.swift */; };
		8D8B8EE6282A4BE700862D78 /* Resume.swift in Sources */ = {isa = PBXBuildFile; fileRef = 8D8B8EE5282A4BE700862D78 /* Resume.swift */; };
		8D8B8EE7282A4BE700862D78 /* Resume.swift in Sources */ = {isa = PBXBuildFile; fileRef = 8D8B8EE5282A4BE700862D78 /* Resume.swift */; };
		8D8B8EE8282A4BE700862D78 /* Resume.swift in Sources */ = {isa = PBXBuildFile; fileRef = 8D8B8EE5282A4BE700862D78 /* Resume.swift */; };
		8D8B8EEA282A4CE900862D78 /* WorkSummary.swift in Sources */ = {isa = PBXBuildFile; fileRef = 8D8B8EE9282A4CE900862D78 /* WorkSummary.swift */; };
		8D8B8EEB282A4CE900862D78 /* WorkSummary.swift in Sources */ = {isa = PBXBuildFile; fileRef = 8D8B8EE9282A4CE900862D78 /* WorkSummary.swift */; };
		8D8B8EEC282A4CE900862D78 /* WorkSummary.swift in Sources */ = {isa = PBXBuildFile; fileRef = 8D8B8EE9282A4CE900862D78 /* WorkSummary.swift */; };
		8D8B8EEE282A4CFE00862D78 /* ProjectDetail.swift in Sources */ = {isa = PBXBuildFile; fileRef = 8D8B8EED282A4CFE00862D78 /* ProjectDetail.swift */; };
		8D8B8EEF282A4CFE00862D78 /* ProjectDetail.swift in Sources */ = {isa = PBXBuildFile; fileRef = 8D8B8EED282A4CFE00862D78 /* ProjectDetail.swift */; };
		8D8B8EF0282A4CFE00862D78 /* ProjectDetail.swift in Sources */ = {isa = PBXBuildFile; fileRef = 8D8B8EED282A4CFE00862D78 /* ProjectDetail.swift */; };
		8D8B8EF2282A4DD000862D78 /* EducationDetail.swift in Sources */ = {isa = PBXBuildFile; fileRef = 8D8B8EF1282A4DD000862D78 /* EducationDetail.swift */; };
		8D8B8EF3282A4DD000862D78 /* EducationDetail.swift in Sources */ = {isa = PBXBuildFile; fileRef = 8D8B8EF1282A4DD000862D78 /* EducationDetail.swift */; };
		8D8B8EF4282A4DD000862D78 /* EducationDetail.swift in Sources */ = {isa = PBXBuildFile; fileRef = 8D8B8EF1282A4DD000862D78 /* EducationDetail.swift */; };
		8D8B8EF6282A58B700862D78 /* WorkSummaryViewController.swift in Sources */ = {isa = PBXBuildFile; fileRef = 8D8B8EF5282A58B700862D78 /* WorkSummaryViewController.swift */; };
		8D8B8EF7282A58B700862D78 /* WorkSummaryViewController.swift in Sources */ = {isa = PBXBuildFile; fileRef = 8D8B8EF5282A58B700862D78 /* WorkSummaryViewController.swift */; };
		8D8B8EF8282A58B700862D78 /* WorkSummaryViewController.swift in Sources */ = {isa = PBXBuildFile; fileRef = 8D8B8EF5282A58B700862D78 /* WorkSummaryViewController.swift */; };
		8D8B8EFA282A590000862D78 /* ProjectDetailViewController.swift in Sources */ = {isa = PBXBuildFile; fileRef = 8D8B8EF9282A590000862D78 /* ProjectDetailViewController.swift */; };
		8D8B8EFB282A590000862D78 /* ProjectDetailViewController.swift in Sources */ = {isa = PBXBuildFile; fileRef = 8D8B8EF9282A590000862D78 /* ProjectDetailViewController.swift */; };
		8D8B8EFC282A590000862D78 /* ProjectDetailViewController.swift in Sources */ = {isa = PBXBuildFile; fileRef = 8D8B8EF9282A590000862D78 /* ProjectDetailViewController.swift */; };
		8D8B8EFE282A593200862D78 /* EducationDetailViewController.swift in Sources */ = {isa = PBXBuildFile; fileRef = 8D8B8EFD282A593200862D78 /* EducationDetailViewController.swift */; };
		8D8B8EFF282A593200862D78 /* EducationDetailViewController.swift in Sources */ = {isa = PBXBuildFile; fileRef = 8D8B8EFD282A593200862D78 /* EducationDetailViewController.swift */; };
		8D8B8F00282A593200862D78 /* EducationDetailViewController.swift in Sources */ = {isa = PBXBuildFile; fileRef = 8D8B8EFD282A593200862D78 /* EducationDetailViewController.swift */; };
		8D8B8F03282A5EA800862D78 /* FieldCell.swift in Sources */ = {isa = PBXBuildFile; fileRef = 8D8B8F02282A5EA800862D78 /* FieldCell.swift */; };
		8D8B8F04282A5EA800862D78 /* FieldCell.swift in Sources */ = {isa = PBXBuildFile; fileRef = 8D8B8F02282A5EA800862D78 /* FieldCell.swift */; };
		8D8B8F05282A5EA800862D78 /* FieldCell.swift in Sources */ = {isa = PBXBuildFile; fileRef = 8D8B8F02282A5EA800862D78 /* FieldCell.swift */; };
		8D8B8F07282A5EC900862D78 /* FieldCell.xib in Resources */ = {isa = PBXBuildFile; fileRef = 8D8B8F06282A5EC900862D78 /* FieldCell.xib */; };
		8D8B8F08282A5EC900862D78 /* FieldCell.xib in Resources */ = {isa = PBXBuildFile; fileRef = 8D8B8F06282A5EC900862D78 /* FieldCell.xib */; };
		8D8B8F09282A5EC900862D78 /* FieldCell.xib in Resources */ = {isa = PBXBuildFile; fileRef = 8D8B8F06282A5EC900862D78 /* FieldCell.xib */; };
		8D8B8F0B282A618000862D78 /* ProfilePhotoCell.swift in Sources */ = {isa = PBXBuildFile; fileRef = 8D8B8F0A282A618000862D78 /* ProfilePhotoCell.swift */; };
		8D8B8F0C282A618000862D78 /* ProfilePhotoCell.swift in Sources */ = {isa = PBXBuildFile; fileRef = 8D8B8F0A282A618000862D78 /* ProfilePhotoCell.swift */; };
		8D8B8F0D282A618000862D78 /* ProfilePhotoCell.swift in Sources */ = {isa = PBXBuildFile; fileRef = 8D8B8F0A282A618000862D78 /* ProfilePhotoCell.swift */; };
		8D8B8F0F282A61A200862D78 /* ProfilePhotoCell.xib in Resources */ = {isa = PBXBuildFile; fileRef = 8D8B8F0E282A61A200862D78 /* ProfilePhotoCell.xib */; };
		8D8B8F10282A61A200862D78 /* ProfilePhotoCell.xib in Resources */ = {isa = PBXBuildFile; fileRef = 8D8B8F0E282A61A200862D78 /* ProfilePhotoCell.xib */; };
		8D8B8F11282A61A200862D78 /* ProfilePhotoCell.xib in Resources */ = {isa = PBXBuildFile; fileRef = 8D8B8F0E282A61A200862D78 /* ProfilePhotoCell.xib */; };
		8D8B8F14282A629100862D78 /* UIView+Extension.swift in Sources */ = {isa = PBXBuildFile; fileRef = 8D8B8F13282A629100862D78 /* UIView+Extension.swift */; };
		8D8B8F15282A629100862D78 /* UIView+Extension.swift in Sources */ = {isa = PBXBuildFile; fileRef = 8D8B8F13282A629100862D78 /* UIView+Extension.swift */; };
		8D8B8F16282A629100862D78 /* UIView+Extension.swift in Sources */ = {isa = PBXBuildFile; fileRef = 8D8B8F13282A629100862D78 /* UIView+Extension.swift */; };
		8D8B8F18282A632200862D78 /* WorkSummaryCell.swift in Sources */ = {isa = PBXBuildFile; fileRef = 8D8B8F17282A632200862D78 /* WorkSummaryCell.swift */; };
		8D8B8F19282A632200862D78 /* WorkSummaryCell.swift in Sources */ = {isa = PBXBuildFile; fileRef = 8D8B8F17282A632200862D78 /* WorkSummaryCell.swift */; };
		8D8B8F1A282A632200862D78 /* WorkSummaryCell.swift in Sources */ = {isa = PBXBuildFile; fileRef = 8D8B8F17282A632200862D78 /* WorkSummaryCell.swift */; };
		8D8B8F1C282A633D00862D78 /* WorkSummaryCell.xib in Resources */ = {isa = PBXBuildFile; fileRef = 8D8B8F1B282A633D00862D78 /* WorkSummaryCell.xib */; };
		8D8B8F1D282A633D00862D78 /* WorkSummaryCell.xib in Resources */ = {isa = PBXBuildFile; fileRef = 8D8B8F1B282A633D00862D78 /* WorkSummaryCell.xib */; };
		8D8B8F1E282A633D00862D78 /* WorkSummaryCell.xib in Resources */ = {isa = PBXBuildFile; fileRef = 8D8B8F1B282A633D00862D78 /* WorkSummaryCell.xib */; };
		8D8B8F20282A63CF00862D78 /* EducationDetailCell.xib in Resources */ = {isa = PBXBuildFile; fileRef = 8D8B8F1F282A63CF00862D78 /* EducationDetailCell.xib */; };
		8D8B8F21282A63CF00862D78 /* EducationDetailCell.xib in Resources */ = {isa = PBXBuildFile; fileRef = 8D8B8F1F282A63CF00862D78 /* EducationDetailCell.xib */; };
		8D8B8F22282A63CF00862D78 /* EducationDetailCell.xib in Resources */ = {isa = PBXBuildFile; fileRef = 8D8B8F1F282A63CF00862D78 /* EducationDetailCell.xib */; };
		8D8B8F24282A63D400862D78 /* EducationDetailCell.swift in Sources */ = {isa = PBXBuildFile; fileRef = 8D8B8F23282A63D400862D78 /* EducationDetailCell.swift */; };
		8D8B8F25282A63D400862D78 /* EducationDetailCell.swift in Sources */ = {isa = PBXBuildFile; fileRef = 8D8B8F23282A63D400862D78 /* EducationDetailCell.swift */; };
		8D8B8F26282A63D400862D78 /* EducationDetailCell.swift in Sources */ = {isa = PBXBuildFile; fileRef = 8D8B8F23282A63D400862D78 /* EducationDetailCell.swift */; };
		8D8B8F28282A64D100862D78 /* ProjectDetailCell.swift in Sources */ = {isa = PBXBuildFile; fileRef = 8D8B8F27282A64D100862D78 /* ProjectDetailCell.swift */; };
		8D8B8F29282A64D100862D78 /* ProjectDetailCell.swift in Sources */ = {isa = PBXBuildFile; fileRef = 8D8B8F27282A64D100862D78 /* ProjectDetailCell.swift */; };
		8D8B8F2A282A64D100862D78 /* ProjectDetailCell.swift in Sources */ = {isa = PBXBuildFile; fileRef = 8D8B8F27282A64D100862D78 /* ProjectDetailCell.swift */; };
		8D8B8F2C282A64D800862D78 /* ProjectDetailCell.xib in Resources */ = {isa = PBXBuildFile; fileRef = 8D8B8F2B282A64D800862D78 /* ProjectDetailCell.xib */; };
		8D8B8F2D282A64D800862D78 /* ProjectDetailCell.xib in Resources */ = {isa = PBXBuildFile; fileRef = 8D8B8F2B282A64D800862D78 /* ProjectDetailCell.xib */; };
		8D8B8F2E282A64D800862D78 /* ProjectDetailCell.xib in Resources */ = {isa = PBXBuildFile; fileRef = 8D8B8F2B282A64D800862D78 /* ProjectDetailCell.xib */; };
		8D8B8F30282A6A4200862D78 /* SkillCell.xib in Resources */ = {isa = PBXBuildFile; fileRef = 8D8B8F2F282A6A4200862D78 /* SkillCell.xib */; };
		8D8B8F31282A6A4200862D78 /* SkillCell.xib in Resources */ = {isa = PBXBuildFile; fileRef = 8D8B8F2F282A6A4200862D78 /* SkillCell.xib */; };
		8D8B8F32282A6A4200862D78 /* SkillCell.xib in Resources */ = {isa = PBXBuildFile; fileRef = 8D8B8F2F282A6A4200862D78 /* SkillCell.xib */; };
		8D8B8F34282A6A4700862D78 /* SkillCell.swift in Sources */ = {isa = PBXBuildFile; fileRef = 8D8B8F33282A6A4700862D78 /* SkillCell.swift */; };
		8D8B8F35282A6A4700862D78 /* SkillCell.swift in Sources */ = {isa = PBXBuildFile; fileRef = 8D8B8F33282A6A4700862D78 /* SkillCell.swift */; };
		8D8B8F36282A6A4700862D78 /* SkillCell.swift in Sources */ = {isa = PBXBuildFile; fileRef = 8D8B8F33282A6A4700862D78 /* SkillCell.swift */; };
		D33BB4C94865F6F30B652327 /* Pods_ResumeBuilder.framework in Frameworks */ = {isa = PBXBuildFile; fileRef = AC217912A6ACCC764985185F /* Pods_ResumeBuilder.framework */; };
		D8FE6A10B5A08EE460CC8E86 /* Pods_ResumeBuilder_ResumeBuilderUITests.framework in Frameworks */ = {isa = PBXBuildFile; fileRef = 285B1ACEDB3D2136678E3E3B /* Pods_ResumeBuilder_ResumeBuilderUITests.framework */; };
		E41AA91FF44ED602D6B83D9B /* Pods_ResumeBuilderTests.framework in Frameworks */ = {isa = PBXBuildFile; fileRef = E5D0820A7165A2E188105412 /* Pods_ResumeBuilderTests.framework */; };
/* End PBXBuildFile section */

/* Begin PBXContainerItemProxy section */
		8D8B8EC6282A4A7200862D78 /* PBXContainerItemProxy */ = {
			isa = PBXContainerItemProxy;
			containerPortal = 8D8B8EA7282A4A7000862D78 /* Project object */;
			proxyType = 1;
			remoteGlobalIDString = 8D8B8EAE282A4A7000862D78;
			remoteInfo = ResumeBuilder;
		};
		8D8B8ED0282A4A7200862D78 /* PBXContainerItemProxy */ = {
			isa = PBXContainerItemProxy;
			containerPortal = 8D8B8EA7282A4A7000862D78 /* Project object */;
			proxyType = 1;
			remoteGlobalIDString = 8D8B8EAE282A4A7000862D78;
			remoteInfo = ResumeBuilder;
		};
/* End PBXContainerItemProxy section */

/* Begin PBXFileReference section */
		01491BF038CBCE0EE2757B00 /* Pods-ResumeBuilderTests.release.xcconfig */ = {isa = PBXFileReference; includeInIndex = 1; lastKnownFileType = text.xcconfig; name = "Pods-ResumeBuilderTests.release.xcconfig"; path = "Target Support Files/Pods-ResumeBuilderTests/Pods-ResumeBuilderTests.release.xcconfig"; sourceTree = "<group>"; };
		071E61B049E2242D549A29E8 /* Pods-ResumeBuilderTests.debug.xcconfig */ = {isa = PBXFileReference; includeInIndex = 1; lastKnownFileType = text.xcconfig; name = "Pods-ResumeBuilderTests.debug.xcconfig"; path = "Target Support Files/Pods-ResumeBuilderTests/Pods-ResumeBuilderTests.debug.xcconfig"; sourceTree = "<group>"; };
		285B1ACEDB3D2136678E3E3B /* Pods_ResumeBuilder_ResumeBuilderUITests.framework */ = {isa = PBXFileReference; explicitFileType = wrapper.framework; includeInIndex = 0; path = Pods_ResumeBuilder_ResumeBuilderUITests.framework; sourceTree = BUILT_PRODUCTS_DIR; };
		6844A3A5D558CE43EE2361F2 /* Pods-ResumeBuilder-ResumeBuilderUITests.debug.xcconfig */ = {isa = PBXFileReference; includeInIndex = 1; lastKnownFileType = text.xcconfig; name = "Pods-ResumeBuilder-ResumeBuilderUITests.debug.xcconfig"; path = "Target Support Files/Pods-ResumeBuilder-ResumeBuilderUITests/Pods-ResumeBuilder-ResumeBuilderUITests.debug.xcconfig"; sourceTree = "<group>"; };
		6FF345DCE6D3E589862869BA /* Pods-ResumeBuilder-ResumeBuilderUITests.release.xcconfig */ = {isa = PBXFileReference; includeInIndex = 1; lastKnownFileType = text.xcconfig; name = "Pods-ResumeBuilder-ResumeBuilderUITests.release.xcconfig"; path = "Target Support Files/Pods-ResumeBuilder-ResumeBuilderUITests/Pods-ResumeBuilder-ResumeBuilderUITests.release.xcconfig"; sourceTree = "<group>"; };
		8D11A4AA282B92AF002B6A5F /* AddItemCell.swift */ = {isa = PBXFileReference; lastKnownFileType = sourcecode.swift; path = AddItemCell.swift; sourceTree = "<group>"; };
		8D11A4AE282B92BB002B6A5F /* AddItemCell.xib */ = {isa = PBXFileReference; lastKnownFileType = file.xib; path = AddItemCell.xib; sourceTree = "<group>"; };
		8D351484282C1155009A47EE /* HomeViewController.swift */ = {isa = PBXFileReference; lastKnownFileType = sourcecode.swift; path = HomeViewController.swift; sourceTree = "<group>"; };
		8D351488282C1554009A47EE /* BaseFormViewController.swift */ = {isa = PBXFileReference; lastKnownFileType = sourcecode.swift; path = BaseFormViewController.swift; sourceTree = "<group>"; };
		8D35148C282CA46D009A47EE /* Skill.swift */ = {isa = PBXFileReference; lastKnownFileType = sourcecode.swift; path = Skill.swift; sourceTree = "<group>"; };
		8D351491282CAA9B009A47EE /* BasicInfo.swift */ = {isa = PBXFileReference; lastKnownFileType = sourcecode.swift; path = BasicInfo.swift; sourceTree = "<group>"; };
		8D58E643282BBBCE001E46EC /* ResumeTextField.swift */ = {isa = PBXFileReference; lastKnownFileType = sourcecode.swift; path = ResumeTextField.swift; sourceTree = "<group>"; };
		8D58E645282BBD41001E46EC /* NSObject+Extension.swift */ = {isa = PBXFileReference; lastKnownFileType = sourcecode.swift; path = "NSObject+Extension.swift"; sourceTree = "<group>"; };
		8D58E651282BCD45001E46EC /* SkillViewController.swift */ = {isa = PBXFileReference; lastKnownFileType = sourcecode.swift; path = SkillViewController.swift; sourceTree = "<group>"; };
		8D8B8EAF282A4A7000862D78 /* ResumeBuilder.app */ = {isa = PBXFileReference; explicitFileType = wrapper.application; includeInIndex = 0; path = ResumeBuilder.app; sourceTree = BUILT_PRODUCTS_DIR; };
		8D8B8EB2282A4A7000862D78 /* AppDelegate.swift */ = {isa = PBXFileReference; lastKnownFileType = sourcecode.swift; path = AppDelegate.swift; sourceTree = "<group>"; };
		8D8B8EB4282A4A7000862D78 /* SceneDelegate.swift */ = {isa = PBXFileReference; lastKnownFileType = sourcecode.swift; path = SceneDelegate.swift; sourceTree = "<group>"; };
		8D8B8EB6282A4A7000862D78 /* ResumeViewController.swift */ = {isa = PBXFileReference; lastKnownFileType = sourcecode.swift; path = ResumeViewController.swift; sourceTree = "<group>"; };
		8D8B8EB9282A4A7000862D78 /* Base */ = {isa = PBXFileReference; lastKnownFileType = file.storyboard; name = Base; path = Base.lproj/Main.storyboard; sourceTree = "<group>"; };
		8D8B8EBB282A4A7200862D78 /* Assets.xcassets */ = {isa = PBXFileReference; lastKnownFileType = folder.assetcatalog; path = Assets.xcassets; sourceTree = "<group>"; };
		8D8B8EBE282A4A7200862D78 /* Base */ = {isa = PBXFileReference; lastKnownFileType = file.storyboard; name = Base; path = Base.lproj/LaunchScreen.storyboard; sourceTree = "<group>"; };
		8D8B8EC0282A4A7200862D78 /* Info.plist */ = {isa = PBXFileReference; lastKnownFileType = text.plist.xml; path = Info.plist; sourceTree = "<group>"; };
		8D8B8EC5282A4A7200862D78 /* ResumeBuilderTests.xctest */ = {isa = PBXFileReference; explicitFileType = wrapper.cfbundle; includeInIndex = 0; path = ResumeBuilderTests.xctest; sourceTree = BUILT_PRODUCTS_DIR; };
		8D8B8EC9282A4A7200862D78 /* ResumeBuilderTests.swift */ = {isa = PBXFileReference; lastKnownFileType = sourcecode.swift; path = ResumeBuilderTests.swift; sourceTree = "<group>"; };
		8D8B8ECF282A4A7200862D78 /* ResumeBuilderUITests.xctest */ = {isa = PBXFileReference; explicitFileType = wrapper.cfbundle; includeInIndex = 0; path = ResumeBuilderUITests.xctest; sourceTree = BUILT_PRODUCTS_DIR; };
		8D8B8ED3282A4A7200862D78 /* ResumeBuilderUITests.swift */ = {isa = PBXFileReference; lastKnownFileType = sourcecode.swift; path = ResumeBuilderUITests.swift; sourceTree = "<group>"; };
		8D8B8ED5282A4A7200862D78 /* ResumeBuilderUITestsLaunchTests.swift */ = {isa = PBXFileReference; lastKnownFileType = sourcecode.swift; path = ResumeBuilderUITestsLaunchTests.swift; sourceTree = "<group>"; };
		8D8B8EE5282A4BE700862D78 /* Resume.swift */ = {isa = PBXFileReference; lastKnownFileType = sourcecode.swift; path = Resume.swift; sourceTree = "<group>"; };
		8D8B8EE9282A4CE900862D78 /* WorkSummary.swift */ = {isa = PBXFileReference; lastKnownFileType = sourcecode.swift; path = WorkSummary.swift; sourceTree = "<group>"; };
		8D8B8EED282A4CFE00862D78 /* ProjectDetail.swift */ = {isa = PBXFileReference; lastKnownFileType = sourcecode.swift; path = ProjectDetail.swift; sourceTree = "<group>"; };
		8D8B8EF1282A4DD000862D78 /* EducationDetail.swift */ = {isa = PBXFileReference; lastKnownFileType = sourcecode.swift; path = EducationDetail.swift; sourceTree = "<group>"; };
		8D8B8EF5282A58B700862D78 /* WorkSummaryViewController.swift */ = {isa = PBXFileReference; lastKnownFileType = sourcecode.swift; path = WorkSummaryViewController.swift; sourceTree = "<group>"; };
		8D8B8EF9282A590000862D78 /* ProjectDetailViewController.swift */ = {isa = PBXFileReference; lastKnownFileType = sourcecode.swift; path = ProjectDetailViewController.swift; sourceTree = "<group>"; };
		8D8B8EFD282A593200862D78 /* EducationDetailViewController.swift */ = {isa = PBXFileReference; lastKnownFileType = sourcecode.swift; path = EducationDetailViewController.swift; sourceTree = "<group>"; };
		8D8B8F02282A5EA800862D78 /* FieldCell.swift */ = {isa = PBXFileReference; lastKnownFileType = sourcecode.swift; path = FieldCell.swift; sourceTree = "<group>"; };
		8D8B8F06282A5EC900862D78 /* FieldCell.xib */ = {isa = PBXFileReference; lastKnownFileType = file.xib; path = FieldCell.xib; sourceTree = "<group>"; };
		8D8B8F0A282A618000862D78 /* ProfilePhotoCell.swift */ = {isa = PBXFileReference; lastKnownFileType = sourcecode.swift; path = ProfilePhotoCell.swift; sourceTree = "<group>"; };
		8D8B8F0E282A61A200862D78 /* ProfilePhotoCell.xib */ = {isa = PBXFileReference; lastKnownFileType = file.xib; path = ProfilePhotoCell.xib; sourceTree = "<group>"; };
		8D8B8F13282A629100862D78 /* UIView+Extension.swift */ = {isa = PBXFileReference; lastKnownFileType = sourcecode.swift; path = "UIView+Extension.swift"; sourceTree = "<group>"; };
		8D8B8F17282A632200862D78 /* WorkSummaryCell.swift */ = {isa = PBXFileReference; lastKnownFileType = sourcecode.swift; path = WorkSummaryCell.swift; sourceTree = "<group>"; };
		8D8B8F1B282A633D00862D78 /* WorkSummaryCell.xib */ = {isa = PBXFileReference; lastKnownFileType = file.xib; path = WorkSummaryCell.xib; sourceTree = "<group>"; };
		8D8B8F1F282A63CF00862D78 /* EducationDetailCell.xib */ = {isa = PBXFileReference; lastKnownFileType = file.xib; path = EducationDetailCell.xib; sourceTree = "<group>"; };
		8D8B8F23282A63D400862D78 /* EducationDetailCell.swift */ = {isa = PBXFileReference; lastKnownFileType = sourcecode.swift; path = EducationDetailCell.swift; sourceTree = "<group>"; };
		8D8B8F27282A64D100862D78 /* ProjectDetailCell.swift */ = {isa = PBXFileReference; lastKnownFileType = sourcecode.swift; path = ProjectDetailCell.swift; sourceTree = "<group>"; };
		8D8B8F2B282A64D800862D78 /* ProjectDetailCell.xib */ = {isa = PBXFileReference; lastKnownFileType = file.xib; path = ProjectDetailCell.xib; sourceTree = "<group>"; };
		8D8B8F2F282A6A4200862D78 /* SkillCell.xib */ = {isa = PBXFileReference; lastKnownFileType = file.xib; path = SkillCell.xib; sourceTree = "<group>"; };
		8D8B8F33282A6A4700862D78 /* SkillCell.swift */ = {isa = PBXFileReference; lastKnownFileType = sourcecode.swift; path = SkillCell.swift; sourceTree = "<group>"; };
		AC217912A6ACCC764985185F /* Pods_ResumeBuilder.framework */ = {isa = PBXFileReference; explicitFileType = wrapper.framework; includeInIndex = 0; path = Pods_ResumeBuilder.framework; sourceTree = BUILT_PRODUCTS_DIR; };
		B0DC367F726C7F6CEC1C72FD /* Pods-ResumeBuilder.release.xcconfig */ = {isa = PBXFileReference; includeInIndex = 1; lastKnownFileType = text.xcconfig; name = "Pods-ResumeBuilder.release.xcconfig"; path = "Target Support Files/Pods-ResumeBuilder/Pods-ResumeBuilder.release.xcconfig"; sourceTree = "<group>"; };
		C7890BA22D7C4B9567E5299C /* Pods-ResumeBuilder.debug.xcconfig */ = {isa = PBXFileReference; includeInIndex = 1; lastKnownFileType = text.xcconfig; name = "Pods-ResumeBuilder.debug.xcconfig"; path = "Target Support Files/Pods-ResumeBuilder/Pods-ResumeBuilder.debug.xcconfig"; sourceTree = "<group>"; };
		E5D0820A7165A2E188105412 /* Pods_ResumeBuilderTests.framework */ = {isa = PBXFileReference; explicitFileType = wrapper.framework; includeInIndex = 0; path = Pods_ResumeBuilderTests.framework; sourceTree = BUILT_PRODUCTS_DIR; };
/* End PBXFileReference section */

/* Begin PBXFrameworksBuildPhase section */
		8D8B8EAC282A4A7000862D78 /* Frameworks */ = {
			isa = PBXFrameworksBuildPhase;
			buildActionMask = 2147483647;
			files = (
				D33BB4C94865F6F30B652327 /* Pods_ResumeBuilder.framework in Frameworks */,
			);
			runOnlyForDeploymentPostprocessing = 0;
		};
		8D8B8EC2282A4A7200862D78 /* Frameworks */ = {
			isa = PBXFrameworksBuildPhase;
			buildActionMask = 2147483647;
			files = (
				E41AA91FF44ED602D6B83D9B /* Pods_ResumeBuilderTests.framework in Frameworks */,
			);
			runOnlyForDeploymentPostprocessing = 0;
		};
		8D8B8ECC282A4A7200862D78 /* Frameworks */ = {
			isa = PBXFrameworksBuildPhase;
			buildActionMask = 2147483647;
			files = (
				D8FE6A10B5A08EE460CC8E86 /* Pods_ResumeBuilder_ResumeBuilderUITests.framework in Frameworks */,
			);
			runOnlyForDeploymentPostprocessing = 0;
		};
/* End PBXFrameworksBuildPhase section */

/* Begin PBXGroup section */
		46FD8DE7A5482655C05EB475 /* Frameworks */ = {
			isa = PBXGroup;
			children = (
				AC217912A6ACCC764985185F /* Pods_ResumeBuilder.framework */,
				285B1ACEDB3D2136678E3E3B /* Pods_ResumeBuilder_ResumeBuilderUITests.framework */,
				E5D0820A7165A2E188105412 /* Pods_ResumeBuilderTests.framework */,
			);
			name = Frameworks;
			sourceTree = "<group>";
		};
		8D8B8EA6282A4A7000862D78 = {
			isa = PBXGroup;
			children = (
				8D8B8EB1282A4A7000862D78 /* ResumeBuilder */,
				8D8B8EC8282A4A7200862D78 /* ResumeBuilderTests */,
				8D8B8ED2282A4A7200862D78 /* ResumeBuilderUITests */,
				8D8B8EB0282A4A7000862D78 /* Products */,
				A0116FC1D3043EC8221BEA15 /* Pods */,
				46FD8DE7A5482655C05EB475 /* Frameworks */,
			);
			sourceTree = "<group>";
		};
		8D8B8EB0282A4A7000862D78 /* Products */ = {
			isa = PBXGroup;
			children = (
				8D8B8EAF282A4A7000862D78 /* ResumeBuilder.app */,
				8D8B8EC5282A4A7200862D78 /* ResumeBuilderTests.xctest */,
				8D8B8ECF282A4A7200862D78 /* ResumeBuilderUITests.xctest */,
			);
			name = Products;
			sourceTree = "<group>";
		};
		8D8B8EB1282A4A7000862D78 /* ResumeBuilder */ = {
			isa = PBXGroup;
			children = (
				8D8B8F12282A626F00862D78 /* Extensions */,
				8D8B8EE3282A4BDC00862D78 /* Controller */,
				8D8B8EE2282A4BDC00862D78 /* Model */,
				8D8B8EE4282A4BDC00862D78 /* View */,
				8D8B8EB2282A4A7000862D78 /* AppDelegate.swift */,
				8D8B8EB4282A4A7000862D78 /* SceneDelegate.swift */,
				8D8B8EB6282A4A7000862D78 /* ResumeViewController.swift */,
				8D8B8EB8282A4A7000862D78 /* Main.storyboard */,
				8D8B8EBB282A4A7200862D78 /* Assets.xcassets */,
				8D8B8EBD282A4A7200862D78 /* LaunchScreen.storyboard */,
				8D8B8EC0282A4A7200862D78 /* Info.plist */,
				8D58E643282BBBCE001E46EC /* ResumeTextField.swift */,
			);
			path = ResumeBuilder;
			sourceTree = "<group>";
		};
		8D8B8EC8282A4A7200862D78 /* ResumeBuilderTests */ = {
			isa = PBXGroup;
			children = (
				8D8B8EC9282A4A7200862D78 /* ResumeBuilderTests.swift */,
			);
			path = ResumeBuilderTests;
			sourceTree = "<group>";
		};
		8D8B8ED2282A4A7200862D78 /* ResumeBuilderUITests */ = {
			isa = PBXGroup;
			children = (
				8D8B8ED3282A4A7200862D78 /* ResumeBuilderUITests.swift */,
				8D8B8ED5282A4A7200862D78 /* ResumeBuilderUITestsLaunchTests.swift */,
			);
			path = ResumeBuilderUITests;
			sourceTree = "<group>";
		};
		8D8B8EE2282A4BDC00862D78 /* Model */ = {
			isa = PBXGroup;
			children = (
				8D8B8EE5282A4BE700862D78 /* Resume.swift */,
				8D8B8EE9282A4CE900862D78 /* WorkSummary.swift */,
				8D8B8EED282A4CFE00862D78 /* ProjectDetail.swift */,
				8D8B8EF1282A4DD000862D78 /* EducationDetail.swift */,
				8D35148C282CA46D009A47EE /* Skill.swift */,
				8D351491282CAA9B009A47EE /* BasicInfo.swift */,
			);
			path = Model;
			sourceTree = "<group>";
		};
		8D8B8EE3282A4BDC00862D78 /* Controller */ = {
			isa = PBXGroup;
			children = (
				8D8B8EF5282A58B700862D78 /* WorkSummaryViewController.swift */,
				8D8B8EF9282A590000862D78 /* ProjectDetailViewController.swift */,
				8D8B8EFD282A593200862D78 /* EducationDetailViewController.swift */,
				8D58E651282BCD45001E46EC /* SkillViewController.swift */,
				8D351484282C1155009A47EE /* HomeViewController.swift */,
				8D351488282C1554009A47EE /* BaseFormViewController.swift */,
			);
			path = Controller;
			sourceTree = "<group>";
		};
		8D8B8EE4282A4BDC00862D78 /* View */ = {
			isa = PBXGroup;
			children = (
				8D8B8F02282A5EA800862D78 /* FieldCell.swift */,
				8D8B8F06282A5EC900862D78 /* FieldCell.xib */,
				8D8B8F0A282A618000862D78 /* ProfilePhotoCell.swift */,
				8D8B8F0E282A61A200862D78 /* ProfilePhotoCell.xib */,
				8D8B8F17282A632200862D78 /* WorkSummaryCell.swift */,
				8D8B8F1B282A633D00862D78 /* WorkSummaryCell.xib */,
				8D8B8F1F282A63CF00862D78 /* EducationDetailCell.xib */,
				8D8B8F27282A64D100862D78 /* ProjectDetailCell.swift */,
				8D8B8F2B282A64D800862D78 /* ProjectDetailCell.xib */,
				8D8B8F23282A63D400862D78 /* EducationDetailCell.swift */,
				8D8B8F2F282A6A4200862D78 /* SkillCell.xib */,
				8D8B8F33282A6A4700862D78 /* SkillCell.swift */,
				8D11A4AA282B92AF002B6A5F /* AddItemCell.swift */,
				8D11A4AE282B92BB002B6A5F /* AddItemCell.xib */,
			);
			path = View;
			sourceTree = "<group>";
		};
		8D8B8F12282A626F00862D78 /* Extensions */ = {
			isa = PBXGroup;
			children = (
				8D8B8F13282A629100862D78 /* UIView+Extension.swift */,
				8D58E645282BBD41001E46EC /* NSObject+Extension.swift */,
			);
			path = Extensions;
			sourceTree = "<group>";
		};
		A0116FC1D3043EC8221BEA15 /* Pods */ = {
			isa = PBXGroup;
			children = (
				C7890BA22D7C4B9567E5299C /* Pods-ResumeBuilder.debug.xcconfig */,
				B0DC367F726C7F6CEC1C72FD /* Pods-ResumeBuilder.release.xcconfig */,
				6844A3A5D558CE43EE2361F2 /* Pods-ResumeBuilder-ResumeBuilderUITests.debug.xcconfig */,
				6FF345DCE6D3E589862869BA /* Pods-ResumeBuilder-ResumeBuilderUITests.release.xcconfig */,
				071E61B049E2242D549A29E8 /* Pods-ResumeBuilderTests.debug.xcconfig */,
				01491BF038CBCE0EE2757B00 /* Pods-ResumeBuilderTests.release.xcconfig */,
			);
			path = Pods;
			sourceTree = "<group>";
		};
/* End PBXGroup section */

/* Begin PBXNativeTarget section */
		8D8B8EAE282A4A7000862D78 /* ResumeBuilder */ = {
			isa = PBXNativeTarget;
			buildConfigurationList = 8D8B8ED9282A4A7200862D78 /* Build configuration list for PBXNativeTarget "ResumeBuilder" */;
			buildPhases = (
				1E9572E694B6D848A619E272 /* [CP] Check Pods Manifest.lock */,
				8D8B8EAB282A4A7000862D78 /* Sources */,
				8D8B8EAC282A4A7000862D78 /* Frameworks */,
				8D8B8EAD282A4A7000862D78 /* Resources */,
			);
			buildRules = (
			);
			dependencies = (
			);
			name = ResumeBuilder;
			productName = ResumeBuilder;
			productReference = 8D8B8EAF282A4A7000862D78 /* ResumeBuilder.app */;
			productType = "com.apple.product-type.application";
		};
		8D8B8EC4282A4A7200862D78 /* ResumeBuilderTests */ = {
			isa = PBXNativeTarget;
			buildConfigurationList = 8D8B8EDC282A4A7200862D78 /* Build configuration list for PBXNativeTarget "ResumeBuilderTests" */;
			buildPhases = (
				C6D30CE051D45DA2804512D7 /* [CP] Check Pods Manifest.lock */,
				8D8B8EC1282A4A7200862D78 /* Sources */,
				8D8B8EC2282A4A7200862D78 /* Frameworks */,
				8D8B8EC3282A4A7200862D78 /* Resources */,
			);
			buildRules = (
			);
			dependencies = (
				8D8B8EC7282A4A7200862D78 /* PBXTargetDependency */,
			);
			name = ResumeBuilderTests;
			productName = ResumeBuilderTests;
			productReference = 8D8B8EC5282A4A7200862D78 /* ResumeBuilderTests.xctest */;
			productType = "com.apple.product-type.bundle.unit-test";
		};
		8D8B8ECE282A4A7200862D78 /* ResumeBuilderUITests */ = {
			isa = PBXNativeTarget;
			buildConfigurationList = 8D8B8EDF282A4A7200862D78 /* Build configuration list for PBXNativeTarget "ResumeBuilderUITests" */;
			buildPhases = (
				E944B088D5282FAC6D0B4C6D /* [CP] Check Pods Manifest.lock */,
				8D8B8ECB282A4A7200862D78 /* Sources */,
				8D8B8ECC282A4A7200862D78 /* Frameworks */,
				8D8B8ECD282A4A7200862D78 /* Resources */,
			);
			buildRules = (
			);
			dependencies = (
				8D8B8ED1282A4A7200862D78 /* PBXTargetDependency */,
			);
			name = ResumeBuilderUITests;
			productName = ResumeBuilderUITests;
			productReference = 8D8B8ECF282A4A7200862D78 /* ResumeBuilderUITests.xctest */;
			productType = "com.apple.product-type.bundle.ui-testing";
		};
/* End PBXNativeTarget section */

/* Begin PBXProject section */
		8D8B8EA7282A4A7000862D78 /* Project object */ = {
			isa = PBXProject;
			attributes = {
				BuildIndependentTargetsInParallel = 1;
				LastSwiftUpdateCheck = 1330;
				LastUpgradeCheck = 1330;
				TargetAttributes = {
					8D8B8EAE282A4A7000862D78 = {
						CreatedOnToolsVersion = 13.3.1;
					};
					8D8B8EC4282A4A7200862D78 = {
						CreatedOnToolsVersion = 13.3.1;
						TestTargetID = 8D8B8EAE282A4A7000862D78;
					};
					8D8B8ECE282A4A7200862D78 = {
						CreatedOnToolsVersion = 13.3.1;
						TestTargetID = 8D8B8EAE282A4A7000862D78;
					};
				};
			};
			buildConfigurationList = 8D8B8EAA282A4A7000862D78 /* Build configuration list for PBXProject "ResumeBuilder" */;
			compatibilityVersion = "Xcode 13.0";
			developmentRegion = en;
			hasScannedForEncodings = 0;
			knownRegions = (
				en,
				Base,
			);
			mainGroup = 8D8B8EA6282A4A7000862D78;
			productRefGroup = 8D8B8EB0282A4A7000862D78 /* Products */;
			projectDirPath = "";
			projectRoot = "";
			targets = (
				8D8B8EAE282A4A7000862D78 /* ResumeBuilder */,
				8D8B8EC4282A4A7200862D78 /* ResumeBuilderTests */,
				8D8B8ECE282A4A7200862D78 /* ResumeBuilderUITests */,
			);
		};
/* End PBXProject section */

/* Begin PBXResourcesBuildPhase section */
		8D8B8EAD282A4A7000862D78 /* Resources */ = {
			isa = PBXResourcesBuildPhase;
			buildActionMask = 2147483647;
			files = (
				8D8B8F20282A63CF00862D78 /* EducationDetailCell.xib in Resources */,
				8D8B8F0F282A61A200862D78 /* ProfilePhotoCell.xib in Resources */,
				8D8B8EBF282A4A7200862D78 /* LaunchScreen.storyboard in Resources */,
				8D8B8EBC282A4A7200862D78 /* Assets.xcassets in Resources */,
				8D8B8F30282A6A4200862D78 /* SkillCell.xib in Resources */,
				8D8B8F2C282A64D800862D78 /* ProjectDetailCell.xib in Resources */,
				8D8B8F07282A5EC900862D78 /* FieldCell.xib in Resources */,
				8D11A4AF282B92BB002B6A5F /* AddItemCell.xib in Resources */,
				8D8B8EBA282A4A7000862D78 /* Main.storyboard in Resources */,
				8D8B8F1C282A633D00862D78 /* WorkSummaryCell.xib in Resources */,
			);
			runOnlyForDeploymentPostprocessing = 0;
		};
		8D8B8EC3282A4A7200862D78 /* Resources */ = {
			isa = PBXResourcesBuildPhase;
			buildActionMask = 2147483647;
			files = (
				8D8B8F21282A63CF00862D78 /* EducationDetailCell.xib in Resources */,
				8D8B8F2D282A64D800862D78 /* ProjectDetailCell.xib in Resources */,
				8D8B8F10282A61A200862D78 /* ProfilePhotoCell.xib in Resources */,
				8D8B8F08282A5EC900862D78 /* FieldCell.xib in Resources */,
				8D11A4B0282B92BB002B6A5F /* AddItemCell.xib in Resources */,
				8D8B8F31282A6A4200862D78 /* SkillCell.xib in Resources */,
				8D8B8F1D282A633D00862D78 /* WorkSummaryCell.xib in Resources */,
			);
			runOnlyForDeploymentPostprocessing = 0;
		};
		8D8B8ECD282A4A7200862D78 /* Resources */ = {
			isa = PBXResourcesBuildPhase;
			buildActionMask = 2147483647;
			files = (
				8D8B8F22282A63CF00862D78 /* EducationDetailCell.xib in Resources */,
				8D8B8F2E282A64D800862D78 /* ProjectDetailCell.xib in Resources */,
				8D8B8F11282A61A200862D78 /* ProfilePhotoCell.xib in Resources */,
				8D8B8F09282A5EC900862D78 /* FieldCell.xib in Resources */,
				8D11A4B1282B92BB002B6A5F /* AddItemCell.xib in Resources */,
				8D8B8F32282A6A4200862D78 /* SkillCell.xib in Resources */,
				8D8B8F1E282A633D00862D78 /* WorkSummaryCell.xib in Resources */,
			);
			runOnlyForDeploymentPostprocessing = 0;
		};
/* End PBXResourcesBuildPhase section */

/* Begin PBXShellScriptBuildPhase section */
		1E9572E694B6D848A619E272 /* [CP] Check Pods Manifest.lock */ = {
			isa = PBXShellScriptBuildPhase;
			buildActionMask = 2147483647;
			files = (
			);
			inputFileListPaths = (
			);
			inputPaths = (
				"${PODS_PODFILE_DIR_PATH}/Podfile.lock",
				"${PODS_ROOT}/Manifest.lock",
			);
			name = "[CP] Check Pods Manifest.lock";
			outputFileListPaths = (
			);
			outputPaths = (
				"$(DERIVED_FILE_DIR)/Pods-ResumeBuilder-checkManifestLockResult.txt",
			);
			runOnlyForDeploymentPostprocessing = 0;
			shellPath = /bin/sh;
			shellScript = "diff \"${PODS_PODFILE_DIR_PATH}/Podfile.lock\" \"${PODS_ROOT}/Manifest.lock\" > /dev/null\nif [ $? != 0 ] ; then\n    # print error to STDERR\n    echo \"error: The sandbox is not in sync with the Podfile.lock. Run 'pod install' or update your CocoaPods installation.\" >&2\n    exit 1\nfi\n# This output is used by Xcode 'outputs' to avoid re-running this script phase.\necho \"SUCCESS\" > \"${SCRIPT_OUTPUT_FILE_0}\"\n";
			showEnvVarsInLog = 0;
		};
		C6D30CE051D45DA2804512D7 /* [CP] Check Pods Manifest.lock */ = {
			isa = PBXShellScriptBuildPhase;
			buildActionMask = 2147483647;
			files = (
			);
			inputFileListPaths = (
			);
			inputPaths = (
				"${PODS_PODFILE_DIR_PATH}/Podfile.lock",
				"${PODS_ROOT}/Manifest.lock",
			);
			name = "[CP] Check Pods Manifest.lock";
			outputFileListPaths = (
			);
			outputPaths = (
				"$(DERIVED_FILE_DIR)/Pods-ResumeBuilderTests-checkManifestLockResult.txt",
			);
			runOnlyForDeploymentPostprocessing = 0;
			shellPath = /bin/sh;
			shellScript = "diff \"${PODS_PODFILE_DIR_PATH}/Podfile.lock\" \"${PODS_ROOT}/Manifest.lock\" > /dev/null\nif [ $? != 0 ] ; then\n    # print error to STDERR\n    echo \"error: The sandbox is not in sync with the Podfile.lock. Run 'pod install' or update your CocoaPods installation.\" >&2\n    exit 1\nfi\n# This output is used by Xcode 'outputs' to avoid re-running this script phase.\necho \"SUCCESS\" > \"${SCRIPT_OUTPUT_FILE_0}\"\n";
			showEnvVarsInLog = 0;
		};
		E944B088D5282FAC6D0B4C6D /* [CP] Check Pods Manifest.lock */ = {
			isa = PBXShellScriptBuildPhase;
			buildActionMask = 2147483647;
			files = (
			);
			inputFileListPaths = (
			);
			inputPaths = (
				"${PODS_PODFILE_DIR_PATH}/Podfile.lock",
				"${PODS_ROOT}/Manifest.lock",
			);
			name = "[CP] Check Pods Manifest.lock";
			outputFileListPaths = (
			);
			outputPaths = (
				"$(DERIVED_FILE_DIR)/Pods-ResumeBuilder-ResumeBuilderUITests-checkManifestLockResult.txt",
			);
			runOnlyForDeploymentPostprocessing = 0;
			shellPath = /bin/sh;
			shellScript = "diff \"${PODS_PODFILE_DIR_PATH}/Podfile.lock\" \"${PODS_ROOT}/Manifest.lock\" > /dev/null\nif [ $? != 0 ] ; then\n    # print error to STDERR\n    echo \"error: The sandbox is not in sync with the Podfile.lock. Run 'pod install' or update your CocoaPods installation.\" >&2\n    exit 1\nfi\n# This output is used by Xcode 'outputs' to avoid re-running this script phase.\necho \"SUCCESS\" > \"${SCRIPT_OUTPUT_FILE_0}\"\n";
			showEnvVarsInLog = 0;
		};
/* End PBXShellScriptBuildPhase section */

/* Begin PBXSourcesBuildPhase section */
		8D8B8EAB282A4A7000862D78 /* Sources */ = {
			isa = PBXSourcesBuildPhase;
			buildActionMask = 2147483647;
			files = (
				8D8B8F0B282A618000862D78 /* ProfilePhotoCell.swift in Sources */,
				8D8B8F14282A629100862D78 /* UIView+Extension.swift in Sources */,
				8D8B8EE6282A4BE700862D78 /* Resume.swift in Sources */,
				8D8B8EF2282A4DD000862D78 /* EducationDetail.swift in Sources */,
				8D8B8EF6282A58B700862D78 /* WorkSummaryViewController.swift in Sources */,
				8D351485282C1155009A47EE /* HomeViewController.swift in Sources */,
				8D8B8F28282A64D100862D78 /* ProjectDetailCell.swift in Sources */,
				8D8B8F18282A632200862D78 /* WorkSummaryCell.swift in Sources */,
				8D351492282CAA9B009A47EE /* BasicInfo.swift in Sources */,
				8D8B8EEA282A4CE900862D78 /* WorkSummary.swift in Sources */,
				8D8B8F03282A5EA800862D78 /* FieldCell.swift in Sources */,
				8D8B8EFE282A593200862D78 /* EducationDetailViewController.swift in Sources */,
				8D8B8EEE282A4CFE00862D78 /* ProjectDetail.swift in Sources */,
				8D351489282C1554009A47EE /* BaseFormViewController.swift in Sources */,
				8D58E652282BCD45001E46EC /* SkillViewController.swift in Sources */,
				8D58E644282BBBCE001E46EC /* ResumeTextField.swift in Sources */,
				8D8B8F34282A6A4700862D78 /* SkillCell.swift in Sources */,
				8D8B8F24282A63D400862D78 /* EducationDetailCell.swift in Sources */,
				8D8B8EB7282A4A7000862D78 /* ResumeViewController.swift in Sources */,
				8D58E646282BBD41001E46EC /* NSObject+Extension.swift in Sources */,
				8D8B8EB3282A4A7000862D78 /* AppDelegate.swift in Sources */,
				8D11A4AB282B92AF002B6A5F /* AddItemCell.swift in Sources */,
				8D35148D282CA46D009A47EE /* Skill.swift in Sources */,
				8D8B8EFA282A590000862D78 /* ProjectDetailViewController.swift in Sources */,
				8D8B8EB5282A4A7000862D78 /* SceneDelegate.swift in Sources */,
			);
			runOnlyForDeploymentPostprocessing = 0;
		};
		8D8B8EC1282A4A7200862D78 /* Sources */ = {
			isa = PBXSourcesBuildPhase;
			buildActionMask = 2147483647;
			files = (
				8D35148E282CA471009A47EE /* Skill.swift in Sources */,
				8D8B8F15282A629100862D78 /* UIView+Extension.swift in Sources */,
				8D11A4AC282B92AF002B6A5F /* AddItemCell.swift in Sources */,
				8D8B8EF7282A58B700862D78 /* WorkSummaryViewController.swift in Sources */,
				8D8B8EEF282A4CFE00862D78 /* ProjectDetail.swift in Sources */,
				8D8B8EEB282A4CE900862D78 /* WorkSummary.swift in Sources */,
				8D351493282CAA9B009A47EE /* BasicInfo.swift in Sources */,
				8D8B8F04282A5EA800862D78 /* FieldCell.swift in Sources */,
				8D8B8F19282A632200862D78 /* WorkSummaryCell.swift in Sources */,
				8D8B8EFB282A590000862D78 /* ProjectDetailViewController.swift in Sources */,
				8D58E653282BCD45001E46EC /* SkillViewController.swift in Sources */,
				8D8B8EFF282A593200862D78 /* EducationDetailViewController.swift in Sources */,
				8D8B8EF3282A4DD000862D78 /* EducationDetail.swift in Sources */,
				8D8B8F29282A64D100862D78 /* ProjectDetailCell.swift in Sources */,
				8D8B8F35282A6A4700862D78 /* SkillCell.swift in Sources */,
				8D8B8EE7282A4BE700862D78 /* Resume.swift in Sources */,
				8D351486282C1155009A47EE /* HomeViewController.swift in Sources */,
				8D35148A282C1554009A47EE /* BaseFormViewController.swift in Sources */,
				8D58E647282BBD41001E46EC /* NSObject+Extension.swift in Sources */,
				8D8B8F25282A63D400862D78 /* EducationDetailCell.swift in Sources */,
				8D8B8F0C282A618000862D78 /* ProfilePhotoCell.swift in Sources */,
				8D8B8ECA282A4A7200862D78 /* ResumeBuilderTests.swift in Sources */,
			);
			runOnlyForDeploymentPostprocessing = 0;
		};
		8D8B8ECB282A4A7200862D78 /* Sources */ = {
			isa = PBXSourcesBuildPhase;
			buildActionMask = 2147483647;
			files = (
				8D8B8EE8282A4BE700862D78 /* Resume.swift in Sources */,
				8D8B8EF8282A58B700862D78 /* WorkSummaryViewController.swift in Sources */,
				8D351494282CAA9B009A47EE /* BasicInfo.swift in Sources */,
				8D58E654282BCD45001E46EC /* SkillViewController.swift in Sources */,
				8D8B8EEC282A4CE900862D78 /* WorkSummary.swift in Sources */,
				8D8B8ED4282A4A7200862D78 /* ResumeBuilderUITests.swift in Sources */,
				8D351487282C1155009A47EE /* HomeViewController.swift in Sources */,
				8D8B8F00282A593200862D78 /* EducationDetailViewController.swift in Sources */,
				8D8B8F36282A6A4700862D78 /* SkillCell.swift in Sources */,
				8D8B8ED6282A4A7200862D78 /* ResumeBuilderUITestsLaunchTests.swift in Sources */,
				8D351490282CA473009A47EE /* Skill.swift in Sources */,
				8D35148B282C1554009A47EE /* BaseFormViewController.swift in Sources */,
				8D8B8F16282A629100862D78 /* UIView+Extension.swift in Sources */,
				8D8B8EF0282A4CFE00862D78 /* ProjectDetail.swift in Sources */,
				8D11A4AD282B92AF002B6A5F /* AddItemCell.swift in Sources */,
				8D8B8F1A282A632200862D78 /* WorkSummaryCell.swift in Sources */,
				8D58E648282BBD41001E46EC /* NSObject+Extension.swift in Sources */,
				8D8B8F26282A63D400862D78 /* EducationDetailCell.swift in Sources */,
				8D8B8F2A282A64D100862D78 /* ProjectDetailCell.swift in Sources */,
				8D8B8EF4282A4DD000862D78 /* EducationDetail.swift in Sources */,
				8D8B8F05282A5EA800862D78 /* FieldCell.swift in Sources */,
				8D8B8EFC282A590000862D78 /* ProjectDetailViewController.swift in Sources */,
				8D8B8F0D282A618000862D78 /* ProfilePhotoCell.swift in Sources */,
			);
			runOnlyForDeploymentPostprocessing = 0;
		};
/* End PBXSourcesBuildPhase section */

/* Begin PBXTargetDependency section */
		8D8B8EC7282A4A7200862D78 /* PBXTargetDependency */ = {
			isa = PBXTargetDependency;
			target = 8D8B8EAE282A4A7000862D78 /* ResumeBuilder */;
			targetProxy = 8D8B8EC6282A4A7200862D78 /* PBXContainerItemProxy */;
		};
		8D8B8ED1282A4A7200862D78 /* PBXTargetDependency */ = {
			isa = PBXTargetDependency;
			target = 8D8B8EAE282A4A7000862D78 /* ResumeBuilder */;
			targetProxy = 8D8B8ED0282A4A7200862D78 /* PBXContainerItemProxy */;
		};
/* End PBXTargetDependency section */

/* Begin PBXVariantGroup section */
		8D8B8EB8282A4A7000862D78 /* Main.storyboard */ = {
			isa = PBXVariantGroup;
			children = (
				8D8B8EB9282A4A7000862D78 /* Base */,
			);
			name = Main.storyboard;
			sourceTree = "<group>";
		};
		8D8B8EBD282A4A7200862D78 /* LaunchScreen.storyboard */ = {
			isa = PBXVariantGroup;
			children = (
				8D8B8EBE282A4A7200862D78 /* Base */,
			);
			name = LaunchScreen.storyboard;
			sourceTree = "<group>";
		};
/* End PBXVariantGroup section */

/* Begin XCBuildConfiguration section */
		8D8B8ED7282A4A7200862D78 /* Debug */ = {
			isa = XCBuildConfiguration;
			buildSettings = {
				ALWAYS_SEARCH_USER_PATHS = NO;
				CLANG_ANALYZER_NONNULL = YES;
				CLANG_ANALYZER_NUMBER_OBJECT_CONVERSION = YES_AGGRESSIVE;
				CLANG_CXX_LANGUAGE_STANDARD = "gnu++17";
				CLANG_ENABLE_MODULES = YES;
				CLANG_ENABLE_OBJC_ARC = YES;
				CLANG_ENABLE_OBJC_WEAK = YES;
				CLANG_WARN_BLOCK_CAPTURE_AUTORELEASING = YES;
				CLANG_WARN_BOOL_CONVERSION = YES;
				CLANG_WARN_COMMA = YES;
				CLANG_WARN_CONSTANT_CONVERSION = YES;
				CLANG_WARN_DEPRECATED_OBJC_IMPLEMENTATIONS = YES;
				CLANG_WARN_DIRECT_OBJC_ISA_USAGE = YES_ERROR;
				CLANG_WARN_DOCUMENTATION_COMMENTS = YES;
				CLANG_WARN_EMPTY_BODY = YES;
				CLANG_WARN_ENUM_CONVERSION = YES;
				CLANG_WARN_INFINITE_RECURSION = YES;
				CLANG_WARN_INT_CONVERSION = YES;
				CLANG_WARN_NON_LITERAL_NULL_CONVERSION = YES;
				CLANG_WARN_OBJC_IMPLICIT_RETAIN_SELF = YES;
				CLANG_WARN_OBJC_LITERAL_CONVERSION = YES;
				CLANG_WARN_OBJC_ROOT_CLASS = YES_ERROR;
				CLANG_WARN_QUOTED_INCLUDE_IN_FRAMEWORK_HEADER = YES;
				CLANG_WARN_RANGE_LOOP_ANALYSIS = YES;
				CLANG_WARN_STRICT_PROTOTYPES = YES;
				CLANG_WARN_SUSPICIOUS_MOVE = YES;
				CLANG_WARN_UNGUARDED_AVAILABILITY = YES_AGGRESSIVE;
				CLANG_WARN_UNREACHABLE_CODE = YES;
				CLANG_WARN__DUPLICATE_METHOD_MATCH = YES;
				COPY_PHASE_STRIP = NO;
				DEBUG_INFORMATION_FORMAT = dwarf;
				ENABLE_STRICT_OBJC_MSGSEND = YES;
				ENABLE_TESTABILITY = YES;
				GCC_C_LANGUAGE_STANDARD = gnu11;
				GCC_DYNAMIC_NO_PIC = NO;
				GCC_NO_COMMON_BLOCKS = YES;
				GCC_OPTIMIZATION_LEVEL = 0;
				GCC_PREPROCESSOR_DEFINITIONS = (
					"DEBUG=1",
					"$(inherited)",
				);
				GCC_WARN_64_TO_32_BIT_CONVERSION = YES;
				GCC_WARN_ABOUT_RETURN_TYPE = YES_ERROR;
				GCC_WARN_UNDECLARED_SELECTOR = YES;
				GCC_WARN_UNINITIALIZED_AUTOS = YES_AGGRESSIVE;
				GCC_WARN_UNUSED_FUNCTION = YES;
				GCC_WARN_UNUSED_VARIABLE = YES;
				IPHONEOS_DEPLOYMENT_TARGET = 15.4;
				MTL_ENABLE_DEBUG_INFO = INCLUDE_SOURCE;
				MTL_FAST_MATH = YES;
				ONLY_ACTIVE_ARCH = YES;
				SDKROOT = iphoneos;
				SWIFT_ACTIVE_COMPILATION_CONDITIONS = DEBUG;
				SWIFT_OPTIMIZATION_LEVEL = "-Onone";
			};
			name = Debug;
		};
		8D8B8ED8282A4A7200862D78 /* Release */ = {
			isa = XCBuildConfiguration;
			buildSettings = {
				ALWAYS_SEARCH_USER_PATHS = NO;
				CLANG_ANALYZER_NONNULL = YES;
				CLANG_ANALYZER_NUMBER_OBJECT_CONVERSION = YES_AGGRESSIVE;
				CLANG_CXX_LANGUAGE_STANDARD = "gnu++17";
				CLANG_ENABLE_MODULES = YES;
				CLANG_ENABLE_OBJC_ARC = YES;
				CLANG_ENABLE_OBJC_WEAK = YES;
				CLANG_WARN_BLOCK_CAPTURE_AUTORELEASING = YES;
				CLANG_WARN_BOOL_CONVERSION = YES;
				CLANG_WARN_COMMA = YES;
				CLANG_WARN_CONSTANT_CONVERSION = YES;
				CLANG_WARN_DEPRECATED_OBJC_IMPLEMENTATIONS = YES;
				CLANG_WARN_DIRECT_OBJC_ISA_USAGE = YES_ERROR;
				CLANG_WARN_DOCUMENTATION_COMMENTS = YES;
				CLANG_WARN_EMPTY_BODY = YES;
				CLANG_WARN_ENUM_CONVERSION = YES;
				CLANG_WARN_INFINITE_RECURSION = YES;
				CLANG_WARN_INT_CONVERSION = YES;
				CLANG_WARN_NON_LITERAL_NULL_CONVERSION = YES;
				CLANG_WARN_OBJC_IMPLICIT_RETAIN_SELF = YES;
				CLANG_WARN_OBJC_LITERAL_CONVERSION = YES;
				CLANG_WARN_OBJC_ROOT_CLASS = YES_ERROR;
				CLANG_WARN_QUOTED_INCLUDE_IN_FRAMEWORK_HEADER = YES;
				CLANG_WARN_RANGE_LOOP_ANALYSIS = YES;
				CLANG_WARN_STRICT_PROTOTYPES = YES;
				CLANG_WARN_SUSPICIOUS_MOVE = YES;
				CLANG_WARN_UNGUARDED_AVAILABILITY = YES_AGGRESSIVE;
				CLANG_WARN_UNREACHABLE_CODE = YES;
				CLANG_WARN__DUPLICATE_METHOD_MATCH = YES;
				COPY_PHASE_STRIP = NO;
				DEBUG_INFORMATION_FORMAT = "dwarf-with-dsym";
				ENABLE_NS_ASSERTIONS = NO;
				ENABLE_STRICT_OBJC_MSGSEND = YES;
				GCC_C_LANGUAGE_STANDARD = gnu11;
				GCC_NO_COMMON_BLOCKS = YES;
				GCC_WARN_64_TO_32_BIT_CONVERSION = YES;
				GCC_WARN_ABOUT_RETURN_TYPE = YES_ERROR;
				GCC_WARN_UNDECLARED_SELECTOR = YES;
				GCC_WARN_UNINITIALIZED_AUTOS = YES_AGGRESSIVE;
				GCC_WARN_UNUSED_FUNCTION = YES;
				GCC_WARN_UNUSED_VARIABLE = YES;
				IPHONEOS_DEPLOYMENT_TARGET = 15.4;
				MTL_ENABLE_DEBUG_INFO = NO;
				MTL_FAST_MATH = YES;
				SDKROOT = iphoneos;
				SWIFT_COMPILATION_MODE = wholemodule;
				SWIFT_OPTIMIZATION_LEVEL = "-O";
				VALIDATE_PRODUCT = YES;
			};
			name = Release;
		};
		8D8B8EDA282A4A7200862D78 /* Debug */ = {
			isa = XCBuildConfiguration;
			baseConfigurationReference = C7890BA22D7C4B9567E5299C /* Pods-ResumeBuilder.debug.xcconfig */;
			buildSettings = {
				ASSETCATALOG_COMPILER_APPICON_NAME = AppIcon;
				ASSETCATALOG_COMPILER_GLOBAL_ACCENT_COLOR_NAME = AccentColor;
				CODE_SIGN_STYLE = Automatic;
				CURRENT_PROJECT_VERSION = 1;
				DEVELOPMENT_TEAM = AAKJL3KUU2;
				GENERATE_INFOPLIST_FILE = YES;
				INFOPLIST_FILE = ResumeBuilder/Info.plist;
				INFOPLIST_KEY_UIApplicationSupportsIndirectInputEvents = YES;
				INFOPLIST_KEY_UILaunchStoryboardName = LaunchScreen;
				INFOPLIST_KEY_UIMainStoryboardFile = Main;
				INFOPLIST_KEY_UISupportedInterfaceOrientations_iPad = "UIInterfaceOrientationPortrait UIInterfaceOrientationPortraitUpsideDown UIInterfaceOrientationLandscapeLeft UIInterfaceOrientationLandscapeRight";
				INFOPLIST_KEY_UISupportedInterfaceOrientations_iPhone = "UIInterfaceOrientationPortrait UIInterfaceOrientationLandscapeLeft UIInterfaceOrientationLandscapeRight";
				LD_RUNPATH_SEARCH_PATHS = (
					"$(inherited)",
					"@executable_path/Frameworks",
				);
				MARKETING_VERSION = 1.0;
				PRODUCT_BUNDLE_IDENTIFIER = im.muyexi.ResumeBuilder;
				PRODUCT_NAME = "$(TARGET_NAME)";
				SWIFT_EMIT_LOC_STRINGS = YES;
				SWIFT_VERSION = 5.0;
				TARGETED_DEVICE_FAMILY = "1,2";
			};
			name = Debug;
		};
		8D8B8EDB282A4A7200862D78 /* Release */ = {
			isa = XCBuildConfiguration;
			baseConfigurationReference = B0DC367F726C7F6CEC1C72FD /* Pods-ResumeBuilder.release.xcconfig */;
			buildSettings = {
				ASSETCATALOG_COMPILER_APPICON_NAME = AppIcon;
				ASSETCATALOG_COMPILER_GLOBAL_ACCENT_COLOR_NAME = AccentColor;
				CODE_SIGN_STYLE = Automatic;
				CURRENT_PROJECT_VERSION = 1;
				DEVELOPMENT_TEAM = AAKJL3KUU2;
				GENERATE_INFOPLIST_FILE = YES;
				INFOPLIST_FILE = ResumeBuilder/Info.plist;
				INFOPLIST_KEY_UIApplicationSupportsIndirectInputEvents = YES;
				INFOPLIST_KEY_UILaunchStoryboardName = LaunchScreen;
				INFOPLIST_KEY_UIMainStoryboardFile = Main;
				INFOPLIST_KEY_UISupportedInterfaceOrientations_iPad = "UIInterfaceOrientationPortrait UIInterfaceOrientationPortraitUpsideDown UIInterfaceOrientationLandscapeLeft UIInterfaceOrientationLandscapeRight";
				INFOPLIST_KEY_UISupportedInterfaceOrientations_iPhone = "UIInterfaceOrientationPortrait UIInterfaceOrientationLandscapeLeft UIInterfaceOrientationLandscapeRight";
				LD_RUNPATH_SEARCH_PATHS = (
					"$(inherited)",
					"@executable_path/Frameworks",
				);
				MARKETING_VERSION = 1.0;
				PRODUCT_BUNDLE_IDENTIFIER = im.muyexi.ResumeBuilder;
				PRODUCT_NAME = "$(TARGET_NAME)";
				SWIFT_EMIT_LOC_STRINGS = YES;
				SWIFT_VERSION = 5.0;
				TARGETED_DEVICE_FAMILY = "1,2";
			};
			name = Release;
		};
		8D8B8EDD282A4A7200862D78 /* Debug */ = {
			isa = XCBuildConfiguration;
			baseConfigurationReference = 071E61B049E2242D549A29E8 /* Pods-ResumeBuilderTests.debug.xcconfig */;
			buildSettings = {
				ALWAYS_EMBED_SWIFT_STANDARD_LIBRARIES = YES;
				BUNDLE_LOADER = "$(TEST_HOST)";
				CODE_SIGN_STYLE = Automatic;
				CURRENT_PROJECT_VERSION = 1;
				DEVELOPMENT_TEAM = AAKJL3KUU2;
				GENERATE_INFOPLIST_FILE = YES;
				IPHONEOS_DEPLOYMENT_TARGET = 15.4;
				MARKETING_VERSION = 1.0;
				PRODUCT_BUNDLE_IDENTIFIER = im.muyexi.ResumeBuilderTests;
				PRODUCT_NAME = "$(TARGET_NAME)";
				SWIFT_EMIT_LOC_STRINGS = NO;
				SWIFT_VERSION = 5.0;
				TARGETED_DEVICE_FAMILY = "1,2";
				TEST_HOST = "$(BUILT_PRODUCTS_DIR)/ResumeBuilder.app/ResumeBuilder";
			};
			name = Debug;
		};
		8D8B8EDE282A4A7200862D78 /* Release */ = {
			isa = XCBuildConfiguration;
			baseConfigurationReference = 01491BF038CBCE0EE2757B00 /* Pods-ResumeBuilderTests.release.xcconfig */;
			buildSettings = {
				ALWAYS_EMBED_SWIFT_STANDARD_LIBRARIES = YES;
				BUNDLE_LOADER = "$(TEST_HOST)";
				CODE_SIGN_STYLE = Automatic;
				CURRENT_PROJECT_VERSION = 1;
				DEVELOPMENT_TEAM = AAKJL3KUU2;
				GENERATE_INFOPLIST_FILE = YES;
				IPHONEOS_DEPLOYMENT_TARGET = 15.4;
				MARKETING_VERSION = 1.0;
				PRODUCT_BUNDLE_IDENTIFIER = im.muyexi.ResumeBuilderTests;
				PRODUCT_NAME = "$(TARGET_NAME)";
				SWIFT_EMIT_LOC_STRINGS = NO;
				SWIFT_VERSION = 5.0;
				TARGETED_DEVICE_FAMILY = "1,2";
				TEST_HOST = "$(BUILT_PRODUCTS_DIR)/ResumeBuilder.app/ResumeBuilder";
			};
			name = Release;
		};
		8D8B8EE0282A4A7200862D78 /* Debug */ = {
			isa = XCBuildConfiguration;
			baseConfigurationReference = 6844A3A5D558CE43EE2361F2 /* Pods-ResumeBuilder-ResumeBuilderUITests.debug.xcconfig */;
			buildSettings = {
				ALWAYS_EMBED_SWIFT_STANDARD_LIBRARIES = YES;
				CODE_SIGN_STYLE = Automatic;
				CURRENT_PROJECT_VERSION = 1;
				DEVELOPMENT_TEAM = AAKJL3KUU2;
				GENERATE_INFOPLIST_FILE = YES;
				MARKETING_VERSION = 1.0;
				PRODUCT_BUNDLE_IDENTIFIER = im.muyexi.ResumeBuilderUITests;
				PRODUCT_NAME = "$(TARGET_NAME)";
				SWIFT_EMIT_LOC_STRINGS = NO;
				SWIFT_VERSION = 5.0;
				TARGETED_DEVICE_FAMILY = "1,2";
				TEST_TARGET_NAME = ResumeBuilder;
			};
			name = Debug;
		};
		8D8B8EE1282A4A7200862D78 /* Release */ = {
			isa = XCBuildConfiguration;
			baseConfigurationReference = 6FF345DCE6D3E589862869BA /* Pods-ResumeBuilder-ResumeBuilderUITests.release.xcconfig */;
			buildSettings = {
				ALWAYS_EMBED_SWIFT_STANDARD_LIBRARIES = YES;
				CODE_SIGN_STYLE = Automatic;
				CURRENT_PROJECT_VERSION = 1;
				DEVELOPMENT_TEAM = AAKJL3KUU2;
				GENERATE_INFOPLIST_FILE = YES;
				MARKETING_VERSION = 1.0;
				PRODUCT_BUNDLE_IDENTIFIER = im.muyexi.ResumeBuilderUITests;
				PRODUCT_NAME = "$(TARGET_NAME)";
				SWIFT_EMIT_LOC_STRINGS = NO;
				SWIFT_VERSION = 5.0;
				TARGETED_DEVICE_FAMILY = "1,2";
				TEST_TARGET_NAME = ResumeBuilder;
			};
			name = Release;
		};
/* End XCBuildConfiguration section */

/* Begin XCConfigurationList section */
		8D8B8EAA282A4A7000862D78 /* Build configuration list for PBXProject "ResumeBuilder" */ = {
			isa = XCConfigurationList;
			buildConfigurations = (
				8D8B8ED7282A4A7200862D78 /* Debug */,
				8D8B8ED8282A4A7200862D78 /* Release */,
			);
			defaultConfigurationIsVisible = 0;
			defaultConfigurationName = Release;
		};
		8D8B8ED9282A4A7200862D78 /* Build configuration list for PBXNativeTarget "ResumeBuilder" */ = {
			isa = XCConfigurationList;
			buildConfigurations = (
				8D8B8EDA282A4A7200862D78 /* Debug */,
				8D8B8EDB282A4A7200862D78 /* Release */,
			);
			defaultConfigurationIsVisible = 0;
			defaultConfigurationName = Release;
		};
		8D8B8EDC282A4A7200862D78 /* Build configuration list for PBXNativeTarget "ResumeBuilderTests" */ = {
			isa = XCConfigurationList;
			buildConfigurations = (
				8D8B8EDD282A4A7200862D78 /* Debug */,
				8D8B8EDE282A4A7200862D78 /* Release */,
			);
			defaultConfigurationIsVisible = 0;
			defaultConfigurationName = Release;
		};
		8D8B8EDF282A4A7200862D78 /* Build configuration list for PBXNativeTarget "ResumeBuilderUITests" */ = {
			isa = XCConfigurationList;
			buildConfigurations = (
				8D8B8EE0282A4A7200862D78 /* Debug */,
				8D8B8EE1282A4A7200862D78 /* Release */,
			);
			defaultConfigurationIsVisible = 0;
			defaultConfigurationName = Release;
		};
/* End XCConfigurationList section */
	};
	rootObject = 8D8B8EA7282A4A7000862D78 /* Project object */;
}
